// !$*UTF8*$!
{
	archiveVersion = 1;
	classes = {
	};
	objectVersion = 46;
	objects = {

/* Begin PBXBuildFile section */
		A792182119CCE451009311C8 /* AppDelegate.swift in Sources */ = {isa = PBXBuildFile; fileRef = A792182019CCE451009311C8 /* AppDelegate.swift */; };
		A792182319CCE451009311C8 /* ViewController.swift in Sources */ = {isa = PBXBuildFile; fileRef = A792182219CCE451009311C8 /* ViewController.swift */; };
		A792182619CCE451009311C8 /* Main.storyboard in Resources */ = {isa = PBXBuildFile; fileRef = A792182419CCE451009311C8 /* Main.storyboard */; };
		A792182819CCE451009311C8 /* Images.xcassets in Resources */ = {isa = PBXBuildFile; fileRef = A792182719CCE451009311C8 /* Images.xcassets */; };
		A792182B19CCE451009311C8 /* LaunchScreen.xib in Resources */ = {isa = PBXBuildFile; fileRef = A792182919CCE451009311C8 /* LaunchScreen.xib */; };
		A792183719CCE451009311C8 /* Table_ViewsTests.swift in Sources */ = {isa = PBXBuildFile; fileRef = A792183619CCE451009311C8 /* Table_ViewsTests.swift */; };
/* End PBXBuildFile section */

/* Begin PBXContainerItemProxy section */
		A792183119CCE451009311C8 /* PBXContainerItemProxy */ = {
			isa = PBXContainerItemProxy;
			containerPortal = A792181319CCE451009311C8 /* Project object */;
			proxyType = 1;
			remoteGlobalIDString = A792181A19CCE451009311C8;
			remoteInfo = "Table Views";
		};
/* End PBXContainerItemProxy section */

/* Begin PBXFileReference section */
		A792181B19CCE451009311C8 /* Table Views.app */ = {isa = PBXFileReference; explicitFileType = wrapper.application; includeInIndex = 0; path = "Table Views.app"; sourceTree = BUILT_PRODUCTS_DIR; };
		A792181F19CCE451009311C8 /* Info.plist */ = {isa = PBXFileReference; lastKnownFileType = text.plist.xml; path = Info.plist; sourceTree = "<group>"; };
		A792182019CCE451009311C8 /* AppDelegate.swift */ = {isa = PBXFileReference; lastKnownFileType = sourcecode.swift; path = AppDelegate.swift; sourceTree = "<group>"; };
		A792182219CCE451009311C8 /* ViewController.swift */ = {isa = PBXFileReference; lastKnownFileType = sourcecode.swift; path = ViewController.swift; sourceTree = "<group>"; };
		A792182519CCE451009311C8 /* Base */ = {isa = PBXFileReference; lastKnownFileType = file.storyboard; name = Base; path = Base.lproj/Main.storyboard; sourceTree = "<group>"; };
		A792182719CCE451009311C8 /* Images.xcassets */ = {isa = PBXFileReference; lastKnownFileType = folder.assetcatalog; path = Images.xcassets; sourceTree = "<group>"; };
		A792182A19CCE451009311C8 /* Base */ = {isa = PBXFileReference; lastKnownFileType = file.xib; name = Base; path = Base.lproj/LaunchScreen.xib; sourceTree = "<group>"; };
		A792183019CCE451009311C8 /* Table ViewsTests.xctest */ = {isa = PBXFileReference; explicitFileType = wrapper.cfbundle; includeInIndex = 0; path = "Table ViewsTests.xctest"; sourceTree = BUILT_PRODUCTS_DIR; };
		A792183519CCE451009311C8 /* Info.plist */ = {isa = PBXFileReference; lastKnownFileType = text.plist.xml; path = Info.plist; sourceTree = "<group>"; };
		A792183619CCE451009311C8 /* Table_ViewsTests.swift */ = {isa = PBXFileReference; lastKnownFileType = sourcecode.swift; path = Table_ViewsTests.swift; sourceTree = "<group>"; };
/* End PBXFileReference section */

/* Begin PBXFrameworksBuildPhase section */
		A792181819CCE451009311C8 /* Frameworks */ = {
			isa = PBXFrameworksBuildPhase;
			buildActionMask = 2147483647;
			files = (
			);
			runOnlyForDeploymentPostprocessing = 0;
		};
		A792182D19CCE451009311C8 /* Frameworks */ = {
			isa = PBXFrameworksBuildPhase;
			buildActionMask = 2147483647;
			files = (
			);
			runOnlyForDeploymentPostprocessing = 0;
		};
/* End PBXFrameworksBuildPhase section */

/* Begin PBXGroup section */
		A792181219CCE450009311C8 = {
			isa = PBXGroup;
			children = (
				A792181D19CCE451009311C8 /* Table Views */,
				A792183319CCE451009311C8 /* Table ViewsTests */,
				A792181C19CCE451009311C8 /* Products */,
			);
			sourceTree = "<group>";
		};
		A792181C19CCE451009311C8 /* Products */ = {
			isa = PBXGroup;
			children = (
				A792181B19CCE451009311C8 /* Table Views.app */,
				A792183019CCE451009311C8 /* Table ViewsTests.xctest */,
			);
			name = Products;
			sourceTree = "<group>";
		};
		A792181D19CCE451009311C8 /* Table Views */ = {
			isa = PBXGroup;
			children = (
				A792182019CCE451009311C8 /* AppDelegate.swift */,
				A792182219CCE451009311C8 /* ViewController.swift */,
				A792182419CCE451009311C8 /* Main.storyboard */,
				A792182719CCE451009311C8 /* Images.xcassets */,
				A792182919CCE451009311C8 /* LaunchScreen.xib */,
				A792181E19CCE451009311C8 /* Supporting Files */,
			);
			path = "Table Views";
			sourceTree = "<group>";
		};
		A792181E19CCE451009311C8 /* Supporting Files */ = {
			isa = PBXGroup;
			children = (
				A792181F19CCE451009311C8 /* Info.plist */,
			);
			name = "Supporting Files";
			sourceTree = "<group>";
		};
		A792183319CCE451009311C8 /* Table ViewsTests */ = {
			isa = PBXGroup;
			children = (
				A792183619CCE451009311C8 /* Table_ViewsTests.swift */,
				A792183419CCE451009311C8 /* Supporting Files */,
			);
			path = "Table ViewsTests";
			sourceTree = "<group>";
		};
		A792183419CCE451009311C8 /* Supporting Files */ = {
			isa = PBXGroup;
			children = (
				A792183519CCE451009311C8 /* Info.plist */,
			);
			name = "Supporting Files";
			sourceTree = "<group>";
		};
/* End PBXGroup section */

/* Begin PBXNativeTarget section */
		A792181A19CCE451009311C8 /* Table Views */ = {
			isa = PBXNativeTarget;
			buildConfigurationList = A792183A19CCE451009311C8 /* Build configuration list for PBXNativeTarget "Table Views" */;
			buildPhases = (
				A792181719CCE451009311C8 /* Sources */,
				A792181819CCE451009311C8 /* Frameworks */,
				A792181919CCE451009311C8 /* Resources */,
			);
			buildRules = (
			);
			dependencies = (
			);
			name = "Table Views";
			productName = "Table Views";
			productReference = A792181B19CCE451009311C8 /* Table Views.app */;
			productType = "com.apple.product-type.application";
		};
		A792182F19CCE451009311C8 /* Table ViewsTests */ = {
			isa = PBXNativeTarget;
			buildConfigurationList = A792183D19CCE451009311C8 /* Build configuration list for PBXNativeTarget "Table ViewsTests" */;
			buildPhases = (
				A792182C19CCE451009311C8 /* Sources */,
				A792182D19CCE451009311C8 /* Frameworks */,
				A792182E19CCE451009311C8 /* Resources */,
			);
			buildRules = (
			);
			dependencies = (
				A792183219CCE451009311C8 /* PBXTargetDependency */,
			);
			name = "Table ViewsTests";
			productName = "Table ViewsTests";
			productReference = A792183019CCE451009311C8 /* Table ViewsTests.xctest */;
			productType = "com.apple.product-type.bundle.unit-test";
		};
/* End PBXNativeTarget section */

/* Begin PBXProject section */
		A792181319CCE451009311C8 /* Project object */ = {
			isa = PBXProject;
			attributes = {
				LastUpgradeCheck = 0610;
				ORGANIZATIONNAME = "Nathanial L. McConnell";
				TargetAttributes = {
					A792181A19CCE451009311C8 = {
						CreatedOnToolsVersion = 6.1;
					};
					A792182F19CCE451009311C8 = {
						CreatedOnToolsVersion = 6.1;
						TestTargetID = A792181A19CCE451009311C8;
					};
				};
			};
			buildConfigurationList = A792181619CCE451009311C8 /* Build configuration list for PBXProject "Table Views" */;
			compatibilityVersion = "Xcode 3.2";
			developmentRegion = English;
			hasScannedForEncodings = 0;
			knownRegions = (
				en,
				Base,
			);
			mainGroup = A792181219CCE450009311C8;
			productRefGroup = A792181C19CCE451009311C8 /* Products */;
			projectDirPath = "";
			projectRoot = "";
			targets = (
				A792181A19CCE451009311C8 /* Table Views */,
				A792182F19CCE451009311C8 /* Table ViewsTests */,
			);
		};
/* End PBXProject section */

/* Begin PBXResourcesBuildPhase section */
		A792181919CCE451009311C8 /* Resources */ = {
			isa = PBXResourcesBuildPhase;
			buildActionMask = 2147483647;
			files = (
				A792182619CCE451009311C8 /* Main.storyboard in Resources */,
				A792182B19CCE451009311C8 /* LaunchScreen.xib in Resources */,
				A792182819CCE451009311C8 /* Images.xcassets in Resources */,
			);
			runOnlyForDeploymentPostprocessing = 0;
		};
		A792182E19CCE451009311C8 /* Resources */ = {
			isa = PBXResourcesBuildPhase;
			buildActionMask = 2147483647;
			files = (
			);
			runOnlyForDeploymentPostprocessing = 0;
		};
/* End PBXResourcesBuildPhase section */

/* Begin PBXSourcesBuildPhase section */
		A792181719CCE451009311C8 /* Sources */ = {
			isa = PBXSourcesBuildPhase;
			buildActionMask = 2147483647;
			files = (
				A792182319CCE451009311C8 /* ViewController.swift in Sources */,
				A792182119CCE451009311C8 /* AppDelegate.swift in Sources */,
			);
			runOnlyForDeploymentPostprocessing = 0;
		};
		A792182C19CCE451009311C8 /* Sources */ = {
			isa = PBXSourcesBuildPhase;
			buildActionMask = 2147483647;
			files = (
				A792183719CCE451009311C8 /* Table_ViewsTests.swift in Sources */,
			);
			runOnlyForDeploymentPostprocessing = 0;
		};
/* End PBXSourcesBuildPhase section */

/* Begin PBXTargetDependency section */
		A792183219CCE451009311C8 /* PBXTargetDependency */ = {
			isa = PBXTargetDependency;
			target = A792181A19CCE451009311C8 /* Table Views */;
			targetProxy = A792183119CCE451009311C8 /* PBXContainerItemProxy */;
		};
/* End PBXTargetDependency section */

/* Begin PBXVariantGroup section */
		A792182419CCE451009311C8 /* Main.storyboard */ = {
			isa = PBXVariantGroup;
			children = (
				A792182519CCE451009311C8 /* Base */,
			);
			name = Main.storyboard;
			sourceTree = "<group>";
		};
		A792182919CCE451009311C8 /* LaunchScreen.xib */ = {
			isa = PBXVariantGroup;
			children = (
				A792182A19CCE451009311C8 /* Base */,
			);
			name = LaunchScreen.xib;
			sourceTree = "<group>";
		};
/* End PBXVariantGroup section */

/* Begin XCBuildConfiguration section */
		A792183819CCE451009311C8 /* Debug */ = {
			isa = XCBuildConfiguration;
			buildSettings = {
				ALWAYS_SEARCH_USER_PATHS = NO;
				CLANG_CXX_LANGUAGE_STANDARD = "gnu++0x";
				CLANG_CXX_LIBRARY = "libc++";
				CLANG_ENABLE_MODULES = YES;
				CLANG_ENABLE_OBJC_ARC = YES;
				CLANG_WARN_BOOL_CONVERSION = YES;
				CLANG_WARN_CONSTANT_CONVERSION = YES;
				CLANG_WARN_DIRECT_OBJC_ISA_USAGE = YES_ERROR;
				CLANG_WARN_EMPTY_BODY = YES;
				CLANG_WARN_ENUM_CONVERSION = YES;
				CLANG_WARN_INT_CONVERSION = YES;
				CLANG_WARN_OBJC_ROOT_CLASS = YES_ERROR;
				CLANG_WARN_UNREACHABLE_CODE = YES;
				CLANG_WARN__DUPLICATE_METHOD_MATCH = YES;
				"CODE_SIGN_IDENTITY[sdk=iphoneos*]" = "iPhone Developer";
				COPY_PHASE_STRIP = NO;
				ENABLE_STRICT_OBJC_MSGSEND = YES;
				GCC_C_LANGUAGE_STANDARD = gnu99;
				GCC_DYNAMIC_NO_PIC = NO;
				GCC_OPTIMIZATION_LEVEL = 0;
				GCC_PREPROCESSOR_DEFINITIONS = (
					"DEBUG=1",
					"$(inherited)",
				);
				GCC_SYMBOLS_PRIVATE_EXTERN = NO;
				GCC_WARN_64_TO_32_BIT_CONVERSION = YES;
				GCC_WARN_ABOUT_RETURN_TYPE = YES_ERROR;
				GCC_WARN_UNDECLARED_SELECTOR = YES;
				GCC_WARN_UNINITIALIZED_AUTOS = YES_AGGRESSIVE;
				GCC_WARN_UNUSED_FUNCTION = YES;
				GCC_WARN_UNUSED_VARIABLE = YES;
				IPHONEOS_DEPLOYMENT_TARGET = 8.0;
				MTL_ENABLE_DEBUG_INFO = YES;
				ONLY_ACTIVE_ARCH = YES;
				SDKROOT = iphoneos;
				SWIFT_OPTIMIZATION_LEVEL = "-Onone";
			};
			name = Debug;
		};
		A792183919CCE451009311C8 /* Release */ = {
			isa = XCBuildConfiguration;
			buildSettings = {
				ALWAYS_SEARCH_USER_PATHS = NO;
				CLANG_CXX_LANGUAGE_STANDARD = "gnu++0x";
				CLANG_CXX_LIBRARY = "libc++";
				CLANG_ENABLE_MODULES = YES;
				CLANG_ENABLE_OBJC_ARC = YES;
				CLANG_WARN_BOOL_CONVERSION = YES;
				CLANG_WARN_CONSTANT_CONVERSION = YES;
				CLANG_WARN_DIRECT_OBJC_ISA_USAGE = YES_ERROR;
				CLANG_WARN_EMPTY_BODY = YES;
				CLANG_WARN_ENUM_CONVERSION = YES;
				CLANG_WARN_INT_CONVERSION = YES;
				CLANG_WARN_OBJC_ROOT_CLASS = YES_ERROR;
				CLANG_WARN_UNREACHABLE_CODE = YES;
				CLANG_WARN__DUPLICATE_METHOD_MATCH = YES;
				"CODE_SIGN_IDENTITY[sdk=iphoneos*]" = "iPhone Developer";
				COPY_PHASE_STRIP = YES;
				ENABLE_NS_ASSERTIONS = NO;
				ENABLE_STRICT_OBJC_MSGSEND = YES;
				GCC_C_LANGUAGE_STANDARD = gnu99;
				GCC_WARN_64_TO_32_BIT_CONVERSION = YES;
				GCC_WARN_ABOUT_RETURN_TYPE = YES_ERROR;
				GCC_WARN_UNDECLARED_SELECTOR = YES;
				GCC_WARN_UNINITIALIZED_AUTOS = YES_AGGRESSIVE;
				GCC_WARN_UNUSED_FUNCTION = YES;
				GCC_WARN_UNUSED_VARIABLE = YES;
				IPHONEOS_DEPLOYMENT_TARGET = 8.0;
				MTL_ENABLE_DEBUG_INFO = NO;
				SDKROOT = iphoneos;
				VALIDATE_PRODUCT = YES;
			};
			name = Release;
		};
		A792183B19CCE451009311C8 /* Debug */ = {
			isa = XCBuildConfiguration;
			buildSettings = {
				ASSETCATALOG_COMPILER_APPICON_NAME = AppIcon;
				INFOPLIST_FILE = "Table Views/Info.plist";
				LD_RUNPATH_SEARCH_PATHS = "$(inherited) @executable_path/Frameworks";
				PRODUCT_NAME = "$(TARGET_NAME)";
			};
			name = Debug;
		};
		A792183C19CCE451009311C8 /* Release */ = {
			isa = XCBuildConfiguration;
			buildSettings = {
				ASSETCATALOG_COMPILER_APPICON_NAME = AppIcon;
				INFOPLIST_FILE = "Table Views/Info.plist";
				LD_RUNPATH_SEARCH_PATHS = "$(inherited) @executable_path/Frameworks";
				PRODUCT_NAME = "$(TARGET_NAME)";
			};
			name = Release;
		};
		A792183E19CCE451009311C8 /* Debug */ = {
			isa = XCBuildConfiguration;
			buildSettings = {
				BUNDLE_LOADER = "$(TEST_HOST)";
				FRAMEWORK_SEARCH_PATHS = (
					"$(SDKROOT)/Developer/Library/Frameworks",
					"$(inherited)",
				);
				GCC_PREPROCESSOR_DEFINITIONS = (
					"DEBUG=1",
					"$(inherited)",
				);
				INFOPLIST_FILE = "Table ViewsTests/Info.plist";
				LD_RUNPATH_SEARCH_PATHS = "$(inherited) @executable_path/Frameworks @loader_path/Frameworks";
				PRODUCT_NAME = "$(TARGET_NAME)";
				TEST_HOST = "$(BUILT_PRODUCTS_DIR)/Table Views.app/Table Views";
			};
			name = Debug;
		};
		A792183F19CCE451009311C8 /* Release */ = {
			isa = XCBuildConfiguration;
			buildSettings = {
				BUNDLE_LOADER = "$(TEST_HOST)";
				FRAMEWORK_SEARCH_PATHS = (
					"$(SDKROOT)/Developer/Library/Frameworks",
					"$(inherited)",
				);
				INFOPLIST_FILE = "Table ViewsTests/Info.plist";
				LD_RUNPATH_SEARCH_PATHS = "$(inherited) @executable_path/Frameworks @loader_path/Frameworks";
				PRODUCT_NAME = "$(TARGET_NAME)";
				TEST_HOST = "$(BUILT_PRODUCTS_DIR)/Table Views.app/Table Views";
			};
			name = Release;
		};
/* End XCBuildConfiguration section */

/* Begin XCConfigurationList section */
		A792181619CCE451009311C8 /* Build configuration list for PBXProject "Table Views" */ = {
			isa = XCConfigurationList;
			buildConfigurations = (
				A792183819CCE451009311C8 /* Debug */,
				A792183919CCE451009311C8 /* Release */,
			);
			defaultConfigurationIsVisible = 0;
			defaultConfigurationName = Release;
		};
		A792183A19CCE451009311C8 /* Build configuration list for PBXNativeTarget "Table Views" */ = {
			isa = XCConfigurationList;
			buildConfigurations = (
				A792183B19CCE451009311C8 /* Debug */,
				A792183C19CCE451009311C8 /* Release */,
			);
			defaultConfigurationIsVisible = 0;
		};
		A792183D19CCE451009311C8 /* Build configuration list for PBXNativeTarget "Table ViewsTests" */ = {
			isa = XCConfigurationList;
			buildConfigurations = (
				A792183E19CCE451009311C8 /* Debug */,
				A792183F19CCE451009311C8 /* Release */,
			);
			defaultConfigurationIsVisible = 0;
		};
/* End XCConfigurationList section */
	};
	rootObject = A792181319CCE451009311C8 /* Project object */;
}
